
Microsoft Visual Studio Solution File, Format Version 12.00
# Visual Studio Version 17
VisualStudioVersion = 17.7.34031.279
MinimumVisualStudioVersion = 10.0.40219.1
Project("{8BC9CEB8-8B4A-11D0-8D11-00A0C91BC942}") = "LAB6", "LAB6\LAB6.vcxproj", "{5755BA99-497D-484F-B900-34C9A2B6768E}"
EndProject
Global
	GlobalSection(SolutionConfigurationPlatforms) = preSolution
		Debug|x64 = Debug|x64
		Debug|x86 = Debug|x86
		Release|x64 = Release|x64
		Release|x86 = Release|x86
	EndGlobalSection
	GlobalSection(ProjectConfigurationPlatforms) = postSolution
		{5755BA99-497D-484F-B900-34C9A2B6768E}.Debug|x64.ActiveCfg = Debug|x64
		{5755BA99-497D-484F-B900-34C9A2B6768E}.Debug|x64.Build.0 = Debug|x64
		{5755BA99-497D-484F-B900-34C9A2B6768E}.Debug|x86.ActiveCfg = Debug|Win32
		{5755BA99-497D-484F-B900-34C9A2B6768E}.Debug|x86.Build.0 = Debug|Win32
		{5755BA99-497D-484F-B900-34C9A2B6768E}.Release|x64.ActiveCfg = Release|x64
		{5755BA99-497D-484F-B900-34C9A2B6768E}.Release|x64.Build.0 = Release|x64
		{5755BA99-497D-484F-B900-34C9A2B6768E}.Release|x86.ActiveCfg = Release|Win32
		{5755BA99-497D-484F-B900-34C9A2B6768E}.Release|x86.Build.0 = Release|Win32
	EndGlobalSection
	GlobalSection(SolutionProperties) = preSolution
		HideSolutionNode = FALSE
	EndGlobalSection
	GlobalSection(ExtensibilityGlobals) = postSolution
		SolutionGuid = {2A82AC92-4835-4C1E-A73C-7FFCF61AE3E8}
	EndGlobalSection
EndGlobal
